
Microsoft Visual Studio Solution File, Format Version 12.00
Project("{FAE04EC0-301F-11D3-BF4B-00C04F79EFBC}") = "WebApi", "WebApi\WebApi.csproj", "{52E42744-187C-4501-B049-A234EABF2E35}"
EndProject
Project("{2150E333-8FDC-42A3-9474-1A3956D46DE8}") = "Solution Items", "Solution Items", "{236086E3-1C9C-4365-A78A-6BC697201FE4}"
	ProjectSection(SolutionItems) = preProject
		docker-compose.yml = docker-compose.yml
	EndProjectSection
EndProject
Global
	GlobalSection(SolutionConfigurationPlatforms) = preSolution
		Debug|Any CPU = Debug|Any CPU
		Release|Any CPU = Release|Any CPU
	EndGlobalSection
	GlobalSection(ProjectConfigurationPlatforms) = postSolution
		{52E42744-187C-4501-B049-A234EABF2E35}.Debug|Any CPU.ActiveCfg = Debug|Any CPU
		{52E42744-187C-4501-B049-A234EABF2E35}.Debug|Any CPU.Build.0 = Debug|Any CPU
		{52E42744-187C-4501-B049-A234EABF2E35}.Release|Any CPU.ActiveCfg = Release|Any CPU
		{52E42744-187C-4501-B049-A234EABF2E35}.Release|Any CPU.Build.0 = Release|Any CPU
	EndGlobalSection
EndGlobal
